
Microsoft Visual Studio Solution File, Format Version 12.00
# Visual Studio Version 17
VisualStudioVersion = 17.9.34607.119
MinimumVisualStudioVersion = 10.0.40219.1
Project("{FAE04EC0-301F-11D3-BF4B-00C04F79EFBC}") = "Driv.XTB.FinOpsVirtualEntityManager", "Driv.XTB.FinOpsVirtualEntityManager\Driv.XTB.FinOpsVirtualEntityManager.csproj", "{6C673631-E715-4708-BD4F-DDDE6BEABBE6}"
EndProject
Global
	GlobalSection(SolutionConfigurationPlatforms) = preSolution
		Debug|Any CPU = Debug|Any CPU
		Release|Any CPU = Release|Any CPU
	EndGlobalSection
	GlobalSection(ProjectConfigurationPlatforms) = postSolution
		{6C673631-E715-4708-BD4F-DDDE6BEABBE6}.Debug|Any CPU.ActiveCfg = Debug|Any CPU
		{6C673631-E715-4708-BD4F-DDDE6BEABBE6}.Debug|Any CPU.Build.0 = Debug|Any CPU
		{6C673631-E715-4708-BD4F-DDDE6BEABBE6}.Release|Any CPU.ActiveCfg = Release|Any CPU
		{6C673631-E715-4708-BD4F-DDDE6BEABBE6}.Release|Any CPU.Build.0 = Release|Any CPU
	EndGlobalSection
	GlobalSection(SolutionProperties) = preSolution
		HideSolutionNode = FALSE
	EndGlobalSection
	GlobalSection(ExtensibilityGlobals) = postSolution
		SolutionGuid = {8E80149A-31DE-4326-8EEC-CC80ED003FEF}
	EndGlobalSection
EndGlobal
